
Microsoft Visual Studio Solution File, Format Version 12.00
Project("{FAE04EC0-301F-11D3-BF4B-00C04F79EFBC}") = "ProduSystem", "ProduSystem\ProduSystem.csproj", "{93B0FEBB-FE4D-4ED3-952C-E1F53FDD1A63}"
EndProject
Global
	GlobalSection(SolutionConfigurationPlatforms) = preSolution
		Debug|Any CPU = Debug|Any CPU
		Release|Any CPU = Release|Any CPU
	EndGlobalSection
	GlobalSection(ProjectConfigurationPlatforms) = postSolution
		{93B0FEBB-FE4D-4ED3-952C-E1F53FDD1A63}.Debug|Any CPU.ActiveCfg = Debug|Any CPU
		{93B0FEBB-FE4D-4ED3-952C-E1F53FDD1A63}.Debug|Any CPU.Build.0 = Debug|Any CPU
		{93B0FEBB-FE4D-4ED3-952C-E1F53FDD1A63}.Release|Any CPU.ActiveCfg = Release|Any CPU
		{93B0FEBB-FE4D-4ED3-952C-E1F53FDD1A63}.Release|Any CPU.Build.0 = Release|Any CPU
	EndGlobalSection
EndGlobal
